// !$*UTF8*$!
{
	archiveVersion = 1;
	classes = {
	};
	objectVersion = 46;
	objects = {

/* Begin PBXBuildFile section */
		4C515CE61AD82CB20086E3D3 /* AppDelegate.m in Sources */ = {isa = PBXBuildFile; fileRef = 4C515CE51AD82CB20086E3D3 /* AppDelegate.m */; };
		4C515CE81AD82CB20086E3D3 /* main.m in Sources */ = {isa = PBXBuildFile; fileRef = 4C515CE71AD82CB20086E3D3 /* main.m */; };
		4C515CEA1AD82CB20086E3D3 /* Images.xcassets in Resources */ = {isa = PBXBuildFile; fileRef = 4C515CE91AD82CB20086E3D3 /* Images.xcassets */; };
		4C515CED1AD82CB20086E3D3 /* MainMenu.xib in Resources */ = {isa = PBXBuildFile; fileRef = 4C515CEB1AD82CB20086E3D3 /* MainMenu.xib */; };
/* End PBXBuildFile section */

/* Begin PBXFileReference section */
		4C515CDF1AD82CB20086E3D3 /* RootPipeDemo.app */ = {isa = PBXFileReference; explicitFileType = wrapper.application; includeInIndex = 0; path = RootPipeDemo.app; sourceTree = BUILT_PRODUCTS_DIR; };
		4C515CE31AD82CB20086E3D3 /* Info.plist */ = {isa = PBXFileReference; lastKnownFileType = text.plist.xml; path = Info.plist; sourceTree = "<group>"; };
		4C515CE41AD82CB20086E3D3 /* AppDelegate.h */ = {isa = PBXFileReference; lastKnownFileType = sourcecode.c.h; path = AppDelegate.h; sourceTree = "<group>"; };
		4C515CE51AD82CB20086E3D3 /* AppDelegate.m */ = {isa = PBXFileReference; lastKnownFileType = sourcecode.c.objc; path = AppDelegate.m; sourceTree = "<group>"; };
		4C515CE71AD82CB20086E3D3 /* main.m */ = {isa = PBXFileReference; lastKnownFileType = sourcecode.c.objc; path = main.m; sourceTree = "<group>"; };
		4C515CE91AD82CB20086E3D3 /* Images.xcassets */ = {isa = PBXFileReference; lastKnownFileType = folder.assetcatalog; path = Images.xcassets; sourceTree = "<group>"; };
		4C515CEC1AD82CB20086E3D3 /* Base */ = {isa = PBXFileReference; lastKnownFileType = file.xib; name = Base; path = Base.lproj/MainMenu.xib; sourceTree = "<group>"; };
/* End PBXFileReference section */

/* Begin PBXFrameworksBuildPhase section */
		4C515CDC1AD82CB20086E3D3 /* Frameworks */ = {
			isa = PBXFrameworksBuildPhase;
			buildActionMask = 2147483647;
			files = (
			);
			runOnlyForDeploymentPostprocessing = 0;
		};
/* End PBXFrameworksBuildPhase section */

/* Begin PBXGroup section */
		4C515CD61AD82CB20086E3D3 = {
			isa = PBXGroup;
			children = (
				4C515CE11AD82CB20086E3D3 /* RootPipeDemo */,
				4C515CE01AD82CB20086E3D3 /* Products */,
			);
			sourceTree = "<group>";
		};
		4C515CE01AD82CB20086E3D3 /* Products */ = {
			isa = PBXGroup;
			children = (
				4C515CDF1AD82CB20086E3D3 /* RootPipeDemo.app */,
			);
			name = Products;
			sourceTree = "<group>";
		};
		4C515CE11AD82CB20086E3D3 /* RootPipeDemo */ = {
			isa = PBXGroup;
			children = (
				4C515CE41AD82CB20086E3D3 /* AppDelegate.h */,
				4C515CE51AD82CB20086E3D3 /* AppDelegate.m */,
				4C515CE91AD82CB20086E3D3 /* Images.xcassets */,
				4C515CEB1AD82CB20086E3D3 /* MainMenu.xib */,
				4C515CE21AD82CB20086E3D3 /* Supporting Files */,
			);
			path = RootPipeDemo;
			sourceTree = "<group>";
		};
		4C515CE21AD82CB20086E3D3 /* Supporting Files */ = {
			isa = PBXGroup;
			children = (
				4C515CE31AD82CB20086E3D3 /* Info.plist */,
				4C515CE71AD82CB20086E3D3 /* main.m */,
			);
			name = "Supporting Files";
			sourceTree = "<group>";
		};
/* End PBXGroup section */

/* Begin PBXNativeTarget section */
		4C515CDE1AD82CB20086E3D3 /* RootPipeDemo */ = {
			isa = PBXNativeTarget;
			buildConfigurationList = 4C515CFC1AD82CB30086E3D3 /* Build configuration list for PBXNativeTarget "RootPipeDemo" */;
			buildPhases = (
				4C515CDB1AD82CB20086E3D3 /* Sources */,
				4C515CDC1AD82CB20086E3D3 /* Frameworks */,
				4C515CDD1AD82CB20086E3D3 /* Resources */,
			);
			buildRules = (
			);
			dependencies = (
			);
			name = RootPipeDemo;
			productName = RootPipeDemo;
			productReference = 4C515CDF1AD82CB20086E3D3 /* RootPipeDemo.app */;
			productType = "com.apple.product-type.application";
		};
/* End PBXNativeTarget section */

/* Begin PBXProject section */
		4C515CD71AD82CB20086E3D3 /* Project object */ = {
			isa = PBXProject;
			attributes = {
				LastUpgradeCheck = 0620;
				ORGANIZATIONNAME = "Shmoopi LLC";
				TargetAttributes = {
					4C515CDE1AD82CB20086E3D3 = {
						CreatedOnToolsVersion = 6.2;
					};
				};
			};
			buildConfigurationList = 4C515CDA1AD82CB20086E3D3 /* Build configuration list for PBXProject "RootPipeDemo" */;
			compatibilityVersion = "Xcode 3.2";
			developmentRegion = English;
			hasScannedForEncodings = 0;
			knownRegions = (
				en,
				Base,
			);
			mainGroup = 4C515CD61AD82CB20086E3D3;
			productRefGroup = 4C515CE01AD82CB20086E3D3 /* Products */;
			projectDirPath = "";
			projectRoot = "";
			targets = (
				4C515CDE1AD82CB20086E3D3 /* RootPipeDemo */,
			);
		};
/* End PBXProject section */

/* Begin PBXResourcesBuildPhase section */
		4C515CDD1AD82CB20086E3D3 /* Resources */ = {
			isa = PBXResourcesBuildPhase;
			buildActionMask = 2147483647;
			files = (
				4C515CEA1AD82CB20086E3D3 /* Images.xcassets in Resources */,
				4C515CED1AD82CB20086E3D3 /* MainMenu.xib in Resources */,
			);
			runOnlyForDeploymentPostprocessing = 0;
		};
/* End PBXResourcesBuildPhase section */

/* Begin PBXSourcesBuildPhase section */
		4C515CDB1AD82CB20086E3D3 /* Sources */ = {
			isa = PBXSourcesBuildPhase;
			buildActionMask = 2147483647;
			files = (
				4C515CE81AD82CB20086E3D3 /* main.m in Sources */,
				4C515CE61AD82CB20086E3D3 /* AppDelegate.m in Sources */,
			);
			runOnlyForDeploymentPostprocessing = 0;
		};
/* End PBXSourcesBuildPhase section */

/* Begin PBXVariantGroup section */
		4C515CEB1AD82CB20086E3D3 /* MainMenu.xib */ = {
			isa = PBXVariantGroup;
			children = (
				4C515CEC1AD82CB20086E3D3 /* Base */,
			);
			name = MainMenu.xib;
			sourceTree = "<group>";
		};
/* End PBXVariantGroup section */

/* Begin XCBuildConfiguration section */
		4C515CFA1AD82CB30086E3D3 /* Debug */ = {
			isa = XCBuildConfiguration;
			buildSettings = {
				ALWAYS_SEARCH_USER_PATHS = NO;
				CLANG_CXX_LANGUAGE_STANDARD = "gnu++0x";
				CLANG_CXX_LIBRARY = "libc++";
				CLANG_ENABLE_MODULES = YES;
				CLANG_ENABLE_OBJC_ARC = YES;
				CLANG_WARN_BOOL_CONVERSION = YES;
				CLANG_WARN_CONSTANT_CONVERSION = YES;
				CLANG_WARN_DIRECT_OBJC_ISA_USAGE = YES_ERROR;
				CLANG_WARN_EMPTY_BODY = YES;
				CLANG_WARN_ENUM_CONVERSION = YES;
				CLANG_WARN_INT_CONVERSION = YES;
				CLANG_WARN_OBJC_ROOT_CLASS = YES_ERROR;
				CLANG_WARN_UNREACHABLE_CODE = YES;
				CLANG_WARN__DUPLICATE_METHOD_MATCH = YES;
				CODE_SIGN_IDENTITY = "-";
				COPY_PHASE_STRIP = NO;
				ENABLE_STRICT_OBJC_MSGSEND = YES;
				GCC_C_LANGUAGE_STANDARD = gnu99;
				GCC_DYNAMIC_NO_PIC = NO;
				GCC_OPTIMIZATION_LEVEL = 0;
				GCC_PREPROCESSOR_DEFINITIONS = (
					"DEBUG=1",
					"$(inherited)",
				);
				GCC_SYMBOLS_PRIVATE_EXTERN = NO;
				GCC_WARN_64_TO_32_BIT_CONVERSION = YES;
				GCC_WARN_ABOUT_RETURN_TYPE = YES_ERROR;
				GCC_WARN_UNDECLARED_SELECTOR = YES;
				GCC_WARN_UNINITIALIZED_AUTOS = YES_AGGRESSIVE;
				GCC_WARN_UNUSED_FUNCTION = YES;
				GCC_WARN_UNUSED_VARIABLE = YES;
				MACOSX_DEPLOYMENT_TARGET = 10.9;
				MTL_ENABLE_DEBUG_INFO = YES;
				ONLY_ACTIVE_ARCH = YES;
				SDKROOT = macosx;
			};
			name = Debug;
		};
		4C515CFB1AD82CB30086E3D3 /* Release */ = {
			isa = XCBuildConfiguration;
			buildSettings = {
				ALWAYS_SEARCH_USER_PATHS = NO;
				CLANG_CXX_LANGUAGE_STANDARD = "gnu++0x";
				CLANG_CXX_LIBRARY = "libc++";
				CLANG_ENABLE_MODULES = YES;
				CLANG_ENABLE_OBJC_ARC = YES;
				CLANG_WARN_BOOL_CONVERSION = YES;
				CLANG_WARN_CONSTANT_CONVERSION = YES;
				CLANG_WARN_DIRECT_OBJC_ISA_USAGE = YES_ERROR;
				CLANG_WARN_EMPTY_BODY = YES;
				CLANG_WARN_ENUM_CONVERSION = YES;
				CLANG_WARN_INT_CONVERSION = YES;
				CLANG_WARN_OBJC_ROOT_CLASS = YES_ERROR;
				CLANG_WARN_UNREACHABLE_CODE = YES;
				CLANG_WARN__DUPLICATE_METHOD_MATCH = YES;
				CODE_SIGN_IDENTITY = "-";
				COPY_PHASE_STRIP = NO;
				DEBUG_INFORMATION_FORMAT = "dwarf-with-dsym";
				ENABLE_NS_ASSERTIONS = NO;
				ENABLE_STRICT_OBJC_MSGSEND = YES;
				GCC_C_LANGUAGE_STANDARD = gnu99;
				GCC_WARN_64_TO_32_BIT_CONVERSION = YES;
				GCC_WARN_ABOUT_RETURN_TYPE = YES_ERROR;
				GCC_WARN_UNDECLARED_SELECTOR = YES;
				GCC_WARN_UNINITIALIZED_AUTOS = YES_AGGRESSIVE;
				GCC_WARN_UNUSED_FUNCTION = YES;
				GCC_WARN_UNUSED_VARIABLE = YES;
				MACOSX_DEPLOYMENT_TARGET = 10.9;
				MTL_ENABLE_DEBUG_INFO = NO;
				SDKROOT = macosx;
			};
			name = Release;
		};
		4C515CFD1AD82CB30086E3D3 /* Debug */ = {
			isa = XCBuildConfiguration;
			buildSettings = {
				ASSETCATALOG_COMPILER_APPICON_NAME = AppIcon;
				COMBINE_HIDPI_IMAGES = YES;
				INFOPLIST_FILE = RootPipeDemo/Info.plist;
				LD_RUNPATH_SEARCH_PATHS = "$(inherited) @executable_path/../Frameworks";
				PRODUCT_NAME = "$(TARGET_NAME)";
			};
			name = Debug;
		};
		4C515CFE1AD82CB30086E3D3 /* Release */ = {
			isa = XCBuildConfiguration;
			buildSettings = {
				ASSETCATALOG_COMPILER_APPICON_NAME = AppIcon;
				COMBINE_HIDPI_IMAGES = YES;
				INFOPLIST_FILE = RootPipeDemo/Info.plist;
				LD_RUNPATH_SEARCH_PATHS = "$(inherited) @executable_path/../Frameworks";
				PRODUCT_NAME = "$(TARGET_NAME)";
			};
			name = Release;
		};
/* End XCBuildConfiguration section */

/* Begin XCConfigurationList section */
		4C515CDA1AD82CB20086E3D3 /* Build configuration list for PBXProject "RootPipeDemo" */ = {
			isa = XCConfigurationList;
			buildConfigurations = (
				4C515CFA1AD82CB30086E3D3 /* Debug */,
				4C515CFB1AD82CB30086E3D3 /* Release */,
			);
			defaultConfigurationIsVisible = 0;
			defaultConfigurationName = Release;
		};
		4C515CFC1AD82CB30086E3D3 /* Build configuration list for PBXNativeTarget "RootPipeDemo" */ = {
			isa = XCConfigurationList;
			buildConfigurations = (
				4C515CFD1AD82CB30086E3D3 /* Debug */,
				4C515CFE1AD82CB30086E3D3 /* Release */,
			);
			defaultConfigurationIsVisible = 0;
		};
/* End XCConfigurationList section */
	};
	rootObject = 4C515CD71AD82CB20086E3D3 /* Project object */;
}
